
Microsoft Visual Studio Solution File, Format Version 12.00
# Visual Studio Version 17
VisualStudioVersion = 17.8.34322.80
MinimumVisualStudioVersion = 10.0.40219.1
Project("{FAE04EC0-301F-11D3-BF4B-00C04F79EFBC}") = "Hospital_Management_System", "Hospital_Management_System\Hospital_Management_System.csproj", "{FF10D57B-CB0C-4F92-8CC6-CDB82D8E0DE5}"
EndProject
Global
	GlobalSection(SolutionConfigurationPlatforms) = preSolution
		Debug|Any CPU = Debug|Any CPU
		Release|Any CPU = Release|Any CPU
	EndGlobalSection
	GlobalSection(ProjectConfigurationPlatforms) = postSolution
		{FF10D57B-CB0C-4F92-8CC6-CDB82D8E0DE5}.Debug|Any CPU.ActiveCfg = Debug|Any CPU
		{FF10D57B-CB0C-4F92-8CC6-CDB82D8E0DE5}.Debug|Any CPU.Build.0 = Debug|Any CPU
		{FF10D57B-CB0C-4F92-8CC6-CDB82D8E0DE5}.Release|Any CPU.ActiveCfg = Release|Any CPU
		{FF10D57B-CB0C-4F92-8CC6-CDB82D8E0DE5}.Release|Any CPU.Build.0 = Release|Any CPU
	EndGlobalSection
	GlobalSection(SolutionProperties) = preSolution
		HideSolutionNode = FALSE
	EndGlobalSection
	GlobalSection(ExtensibilityGlobals) = postSolution
		SolutionGuid = {7C608587-100E-412C-AC85-25C21E40313B}
	EndGlobalSection
EndGlobal
